// !$*UTF8*$!
{
	archiveVersion = 1;
	classes = {
	};
	objectVersion = 50;
	objects = {

/* Begin PBXBuildFile section */
		ABC976C92668A092004FF67D /* AppDelegate.swift in Sources */ = {isa = PBXBuildFile; fileRef = ABC976C82668A092004FF67D /* AppDelegate.swift */; };
		ABC976CB2668A092004FF67D /* SceneDelegate.swift in Sources */ = {isa = PBXBuildFile; fileRef = ABC976CA2668A092004FF67D /* SceneDelegate.swift */; };
		ABC976CD2668A092004FF67D /* ViewController.swift in Sources */ = {isa = PBXBuildFile; fileRef = ABC976CC2668A092004FF67D /* ViewController.swift */; };
		ABC976D02668A092004FF67D /* Main.storyboard in Resources */ = {isa = PBXBuildFile; fileRef = ABC976CE2668A092004FF67D /* Main.storyboard */; };
		ABC976D22668A094004FF67D /* Assets.xcassets in Resources */ = {isa = PBXBuildFile; fileRef = ABC976D12668A094004FF67D /* Assets.xcassets */; };
		ABC976D52668A094004FF67D /* LaunchScreen.storyboard in Resources */ = {isa = PBXBuildFile; fileRef = ABC976D32668A094004FF67D /* LaunchScreen.storyboard */; };
		ABD0861B266D02D400BD0FDC /* Game.swift in Sources */ = {isa = PBXBuildFile; fileRef = ABD0861A266D02D400BD0FDC /* Game.swift */; };
/* End PBXBuildFile section */

/* Begin PBXFileReference section */
		ABC976C52668A092004FF67D /* RightOnTable.app */ = {isa = PBXFileReference; explicitFileType = wrapper.application; includeInIndex = 0; path = RightOnTable.app; sourceTree = BUILT_PRODUCTS_DIR; };
		ABC976C82668A092004FF67D /* AppDelegate.swift */ = {isa = PBXFileReference; lastKnownFileType = sourcecode.swift; path = AppDelegate.swift; sourceTree = "<group>"; };
		ABC976CA2668A092004FF67D /* SceneDelegate.swift */ = {isa = PBXFileReference; lastKnownFileType = sourcecode.swift; path = SceneDelegate.swift; sourceTree = "<group>"; };
		ABC976CC2668A092004FF67D /* ViewController.swift */ = {isa = PBXFileReference; lastKnownFileType = sourcecode.swift; path = ViewController.swift; sourceTree = "<group>"; };
		ABC976CF2668A092004FF67D /* Base */ = {isa = PBXFileReference; lastKnownFileType = file.storyboard; name = Base; path = Base.lproj/Main.storyboard; sourceTree = "<group>"; };
		ABC976D12668A094004FF67D /* Assets.xcassets */ = {isa = PBXFileReference; lastKnownFileType = folder.assetcatalog; path = Assets.xcassets; sourceTree = "<group>"; };
		ABC976D42668A094004FF67D /* Base */ = {isa = PBXFileReference; lastKnownFileType = file.storyboard; name = Base; path = Base.lproj/LaunchScreen.storyboard; sourceTree = "<group>"; };
		ABC976D62668A094004FF67D /* Info.plist */ = {isa = PBXFileReference; lastKnownFileType = text.plist.xml; path = Info.plist; sourceTree = "<group>"; };
		ABD0861A266D02D400BD0FDC /* Game.swift */ = {isa = PBXFileReference; lastKnownFileType = sourcecode.swift; path = Game.swift; sourceTree = "<group>"; };
/* End PBXFileReference section */

/* Begin PBXFrameworksBuildPhase section */
		ABC976C22668A092004FF67D /* Frameworks */ = {
			isa = PBXFrameworksBuildPhase;
			buildActionMask = 2147483647;
			files = (
			);
			runOnlyForDeploymentPostprocessing = 0;
		};
/* End PBXFrameworksBuildPhase section */

/* Begin PBXGroup section */
		ABC976BC2668A092004FF67D = {
			isa = PBXGroup;
			children = (
				ABC976C72668A092004FF67D /* RightOnTable */,
				ABC976C62668A092004FF67D /* Products */,
			);
			sourceTree = "<group>";
		};
		ABC976C62668A092004FF67D /* Products */ = {
			isa = PBXGroup;
			children = (
				ABC976C52668A092004FF67D /* RightOnTable.app */,
			);
			name = Products;
			sourceTree = "<group>";
		};
		ABC976C72668A092004FF67D /* RightOnTable */ = {
			isa = PBXGroup;
			children = (
				ABD08619266D02C600BD0FDC /* Model */,
				ABC976C82668A092004FF67D /* AppDelegate.swift */,
				ABC976CA2668A092004FF67D /* SceneDelegate.swift */,
				ABC976CC2668A092004FF67D /* ViewController.swift */,
				ABC976CE2668A092004FF67D /* Main.storyboard */,
				ABC976D12668A094004FF67D /* Assets.xcassets */,
				ABC976D32668A094004FF67D /* LaunchScreen.storyboard */,
				ABC976D62668A094004FF67D /* Info.plist */,
			);
			path = RightOnTable;
			sourceTree = "<group>";
		};
		ABD08619266D02C600BD0FDC /* Model */ = {
			isa = PBXGroup;
			children = (
				ABD0861A266D02D400BD0FDC /* Game.swift */,
			);
			path = Model;
			sourceTree = "<group>";
		};
/* End PBXGroup section */

/* Begin PBXNativeTarget section */
		ABC976C42668A092004FF67D /* RightOnTable */ = {
			isa = PBXNativeTarget;
			buildConfigurationList = ABC976D92668A094004FF67D /* Build configuration list for PBXNativeTarget "RightOnTable" */;
			buildPhases = (
				ABC976C12668A092004FF67D /* Sources */,
				ABC976C22668A092004FF67D /* Frameworks */,
				ABC976C32668A092004FF67D /* Resources */,
			);
			buildRules = (
			);
			dependencies = (
			);
			name = RightOnTable;
			productName = RightOnTable;
			productReference = ABC976C52668A092004FF67D /* RightOnTable.app */;
			productType = "com.apple.product-type.application";
		};
/* End PBXNativeTarget section */

/* Begin PBXProject section */
		ABC976BD2668A092004FF67D /* Project object */ = {
			isa = PBXProject;
			attributes = {
				LastSwiftUpdateCheck = 1240;
				LastUpgradeCheck = 1240;
				TargetAttributes = {
					ABC976C42668A092004FF67D = {
						CreatedOnToolsVersion = 12.4;
					};
				};
			};
			buildConfigurationList = ABC976C02668A092004FF67D /* Build configuration list for PBXProject "RightOnTable" */;
			compatibilityVersion = "Xcode 9.3";
			developmentRegion = en;
			hasScannedForEncodings = 0;
			knownRegions = (
				en,
				Base,
			);
			mainGroup = ABC976BC2668A092004FF67D;
			productRefGroup = ABC976C62668A092004FF67D /* Products */;
			projectDirPath = "";
			projectRoot = "";
			targets = (
				ABC976C42668A092004FF67D /* RightOnTable */,
			);
		};
/* End PBXProject section */

/* Begin PBXResourcesBuildPhase section */
		ABC976C32668A092004FF67D /* Resources */ = {
			isa = PBXResourcesBuildPhase;
			buildActionMask = 2147483647;
			files = (
				ABC976D52668A094004FF67D /* LaunchScreen.storyboard in Resources */,
				ABC976D22668A094004FF67D /* Assets.xcassets in Resources */,
				ABC976D02668A092004FF67D /* Main.storyboard in Resources */,
			);
			runOnlyForDeploymentPostprocessing = 0;
		};
/* End PBXResourcesBuildPhase section */

/* Begin PBXSourcesBuildPhase section */
		ABC976C12668A092004FF67D /* Sources */ = {
			isa = PBXSourcesBuildPhase;
			buildActionMask = 2147483647;
			files = (
				ABD0861B266D02D400BD0FDC /* Game.swift in Sources */,
				ABC976CD2668A092004FF67D /* ViewController.swift in Sources */,
				ABC976C92668A092004FF67D /* AppDelegate.swift in Sources */,
				ABC976CB2668A092004FF67D /* SceneDelegate.swift in Sources */,
			);
			runOnlyForDeploymentPostprocessing = 0;
		};
/* End PBXSourcesBuildPhase section */

/* Begin PBXVariantGroup section */
		ABC976CE2668A092004FF67D /* Main.storyboard */ = {
			isa = PBXVariantGroup;
			children = (
				ABC976CF2668A092004FF67D /* Base */,
			);
			name = Main.storyboard;
			sourceTree = "<group>";
		};
		ABC976D32668A094004FF67D /* LaunchScreen.storyboard */ = {
			isa = PBXVariantGroup;
			children = (
				ABC976D42668A094004FF67D /* Base */,
			);
			name = LaunchScreen.storyboard;
			sourceTree = "<group>";
		};
/* End PBXVariantGroup section */

/* Begin XCBuildConfiguration section */
		ABC976D72668A094004FF67D /* Debug */ = {
			isa = XCBuildConfiguration;
			buildSettings = {
				ALWAYS_SEARCH_USER_PATHS = NO;
				CLANG_ANALYZER_NONNULL = YES;
				CLANG_ANALYZER_NUMBER_OBJECT_CONVERSION = YES_AGGRESSIVE;
				CLANG_CXX_LANGUAGE_STANDARD = "gnu++14";
				CLANG_CXX_LIBRARY = "libc++";
				CLANG_ENABLE_MODULES = YES;
				CLANG_ENABLE_OBJC_ARC = YES;
				CLANG_ENABLE_OBJC_WEAK = YES;
				CLANG_WARN_BLOCK_CAPTURE_AUTORELEASING = YES;
				CLANG_WARN_BOOL_CONVERSION = YES;
				CLANG_WARN_COMMA = YES;
				CLANG_WARN_CONSTANT_CONVERSION = YES;
				CLANG_WARN_DEPRECATED_OBJC_IMPLEMENTATIONS = YES;
				CLANG_WARN_DIRECT_OBJC_ISA_USAGE = YES_ERROR;
				CLANG_WARN_DOCUMENTATION_COMMENTS = YES;
				CLANG_WARN_EMPTY_BODY = YES;
				CLANG_WARN_ENUM_CONVERSION = YES;
				CLANG_WARN_INFINITE_RECURSION = YES;
				CLANG_WARN_INT_CONVERSION = YES;
				CLANG_WARN_NON_LITERAL_NULL_CONVERSION = YES;
				CLANG_WARN_OBJC_IMPLICIT_RETAIN_SELF = YES;
				CLANG_WARN_OBJC_LITERAL_CONVERSION = YES;
				CLANG_WARN_OBJC_ROOT_CLASS = YES_ERROR;
				CLANG_WARN_QUOTED_INCLUDE_IN_FRAMEWORK_HEADER = YES;
				CLANG_WARN_RANGE_LOOP_ANALYSIS = YES;
				CLANG_WARN_STRICT_PROTOTYPES = YES;
				CLANG_WARN_SUSPICIOUS_MOVE = YES;
				CLANG_WARN_UNGUARDED_AVAILABILITY = YES_AGGRESSIVE;
				CLANG_WARN_UNREACHABLE_CODE = YES;
				CLANG_WARN__DUPLICATE_METHOD_MATCH = YES;
				COPY_PHASE_STRIP = NO;
				DEBUG_INFORMATION_FORMAT = dwarf;
				ENABLE_STRICT_OBJC_MSGSEND = YES;
				ENABLE_TESTABILITY = YES;
				GCC_C_LANGUAGE_STANDARD = gnu11;
				GCC_DYNAMIC_NO_PIC = NO;
				GCC_NO_COMMON_BLOCKS = YES;
				GCC_OPTIMIZATION_LEVEL = 0;
				GCC_PREPROCESSOR_DEFINITIONS = (
					"DEBUG=1",
					"$(inherited)",
				);
				GCC_WARN_64_TO_32_BIT_CONVERSION = YES;
				GCC_WARN_ABOUT_RETURN_TYPE = YES_ERROR;
				GCC_WARN_UNDECLARED_SELECTOR = YES;
				GCC_WARN_UNINITIALIZED_AUTOS = YES_AGGRESSIVE;
				GCC_WARN_UNUSED_FUNCTION = YES;
				GCC_WARN_UNUSED_VARIABLE = YES;
				IPHONEOS_DEPLOYMENT_TARGET = 14.4;
				MTL_ENABLE_DEBUG_INFO = INCLUDE_SOURCE;
				MTL_FAST_MATH = YES;
				ONLY_ACTIVE_ARCH = YES;
				SDKROOT = iphoneos;
				SWIFT_ACTIVE_COMPILATION_CONDITIONS = DEBUG;
				SWIFT_OPTIMIZATION_LEVEL = "-Onone";
			};
			name = Debug;
		};
		ABC976D82668A094004FF67D /* Release */ = {
			isa = XCBuildConfiguration;
			buildSettings = {
				ALWAYS_SEARCH_USER_PATHS = NO;
				CLANG_ANALYZER_NONNULL = YES;
				CLANG_ANALYZER_NUMBER_OBJECT_CONVERSION = YES_AGGRESSIVE;
				CLANG_CXX_LANGUAGE_STANDARD = "gnu++14";
				CLANG_CXX_LIBRARY = "libc++";
				CLANG_ENABLE_MODULES = YES;
				CLANG_ENABLE_OBJC_ARC = YES;
				CLANG_ENABLE_OBJC_WEAK = YES;
				CLANG_WARN_BLOCK_CAPTURE_AUTORELEASING = YES;
				CLANG_WARN_BOOL_CONVERSION = YES;
				CLANG_WARN_COMMA = YES;
				CLANG_WARN_CONSTANT_CONVERSION = YES;
				CLANG_WARN_DEPRECATED_OBJC_IMPLEMENTATIONS = YES;
				CLANG_WARN_DIRECT_OBJC_ISA_USAGE = YES_ERROR;
				CLANG_WARN_DOCUMENTATION_COMMENTS = YES;
				CLANG_WARN_EMPTY_BODY = YES;
				CLANG_WARN_ENUM_CONVERSION = YES;
				CLANG_WARN_INFINITE_RECURSION = YES;
				CLANG_WARN_INT_CONVERSION = YES;
				CLANG_WARN_NON_LITERAL_NULL_CONVERSION = YES;
				CLANG_WARN_OBJC_IMPLICIT_RETAIN_SELF = YES;
				CLANG_WARN_OBJC_LITERAL_CONVERSION = YES;
				CLANG_WARN_OBJC_ROOT_CLASS = YES_ERROR;
				CLANG_WARN_QUOTED_INCLUDE_IN_FRAMEWORK_HEADER = YES;
				CLANG_WARN_RANGE_LOOP_ANALYSIS = YES;
				CLANG_WARN_STRICT_PROTOTYPES = YES;
				CLANG_WARN_SUSPICIOUS_MOVE = YES;
				CLANG_WARN_UNGUARDED_AVAILABILITY = YES_AGGRESSIVE;
				CLANG_WARN_UNREACHABLE_CODE = YES;
				CLANG_WARN__DUPLICATE_METHOD_MATCH = YES;
				COPY_PHASE_STRIP = NO;
				DEBUG_INFORMATION_FORMAT = "dwarf-with-dsym";
				ENABLE_NS_ASSERTIONS = NO;
				ENABLE_STRICT_OBJC_MSGSEND = YES;
				GCC_C_LANGUAGE_STANDARD = gnu11;
				GCC_NO_COMMON_BLOCKS = YES;
				GCC_WARN_64_TO_32_BIT_CONVERSION = YES;
				GCC_WARN_ABOUT_RETURN_TYPE = YES_ERROR;
				GCC_WARN_UNDECLARED_SELECTOR = YES;
				GCC_WARN_UNINITIALIZED_AUTOS = YES_AGGRESSIVE;
				GCC_WARN_UNUSED_FUNCTION = YES;
				GCC_WARN_UNUSED_VARIABLE = YES;
				IPHONEOS_DEPLOYMENT_TARGET = 14.4;
				MTL_ENABLE_DEBUG_INFO = NO;
				MTL_FAST_MATH = YES;
				SDKROOT = iphoneos;
				SWIFT_COMPILATION_MODE = wholemodule;
				SWIFT_OPTIMIZATION_LEVEL = "-O";
				VALIDATE_PRODUCT = YES;
			};
			name = Release;
		};
		ABC976DA2668A094004FF67D /* Debug */ = {
			isa = XCBuildConfiguration;
			buildSettings = {
				ASSETCATALOG_COMPILER_APPICON_NAME = AppIcon;
				ASSETCATALOG_COMPILER_GLOBAL_ACCENT_COLOR_NAME = AccentColor;
				CODE_SIGN_STYLE = Automatic;
				DEVELOPMENT_TEAM = 2KRRAMT3WK;
				INFOPLIST_FILE = RightOnTable/Info.plist;
				LD_RUNPATH_SEARCH_PATHS = (
					"$(inherited)",
					"@executable_path/Frameworks",
				);
				PRODUCT_BUNDLE_IDENTIFIER = com.neosoft.RightOnTable;
				PRODUCT_NAME = "$(TARGET_NAME)";
				SWIFT_VERSION = 5.0;
				TARGETED_DEVICE_FAMILY = 1;
			};
			name = Debug;
		};
		ABC976DB2668A094004FF67D /* Release */ = {
			isa = XCBuildConfiguration;
			buildSettings = {
				ASSETCATALOG_COMPILER_APPICON_NAME = AppIcon;
				ASSETCATALOG_COMPILER_GLOBAL_ACCENT_COLOR_NAME = AccentColor;
				CODE_SIGN_STYLE = Automatic;
				DEVELOPMENT_TEAM = 2KRRAMT3WK;
				INFOPLIST_FILE = RightOnTable/Info.plist;
				LD_RUNPATH_SEARCH_PATHS = (
					"$(inherited)",
					"@executable_path/Frameworks",
				);
				PRODUCT_BUNDLE_IDENTIFIER = com.neosoft.RightOnTable;
				PRODUCT_NAME = "$(TARGET_NAME)";
				SWIFT_VERSION = 5.0;
				TARGETED_DEVICE_FAMILY = 1;
			};
			name = Release;
		};
/* End XCBuildConfiguration section */

/* Begin XCConfigurationList section */
		ABC976C02668A092004FF67D /* Build configuration list for PBXProject "RightOnTable" */ = {
			isa = XCConfigurationList;
			buildConfigurations = (
				ABC976D72668A094004FF67D /* Debug */,
				ABC976D82668A094004FF67D /* Release */,
			);
			defaultConfigurationIsVisible = 0;
			defaultConfigurationName = Release;
		};
		ABC976D92668A094004FF67D /* Build configuration list for PBXNativeTarget "RightOnTable" */ = {
			isa = XCConfigurationList;
			buildConfigurations = (
				ABC976DA2668A094004FF67D /* Debug */,
				ABC976DB2668A094004FF67D /* Release */,
			);
			defaultConfigurationIsVisible = 0;
			defaultConfigurationName = Release;
		};
/* End XCConfigurationList section */
	};
	rootObject = ABC976BD2668A092004FF67D /* Project object */;
}
